
Microsoft Visual Studio Solution File, Format Version 12.00
# Visual Studio Version 17
VisualStudioVersion = 17.8.34408.163
MinimumVisualStudioVersion = 10.0.40219.1
Project("{9A19103F-16F7-4668-BE54-9A1E7A4F7556}") = "TestWindow", "TestWindow\TestWindow.csproj", "{FE7EAF1B-0E56-4256-AF52-45AACAF50C94}"
EndProject
Global
	GlobalSection(SolutionConfigurationPlatforms) = preSolution
		Debug|Any CPU = Debug|Any CPU
		Release|Any CPU = Release|Any CPU
	EndGlobalSection
	GlobalSection(ProjectConfigurationPlatforms) = postSolution
		{FE7EAF1B-0E56-4256-AF52-45AACAF50C94}.Debug|Any CPU.ActiveCfg = Debug|Any CPU
		{FE7EAF1B-0E56-4256-AF52-45AACAF50C94}.Debug|Any CPU.Build.0 = Debug|Any CPU
		{FE7EAF1B-0E56-4256-AF52-45AACAF50C94}.Release|Any CPU.ActiveCfg = Release|Any CPU
		{FE7EAF1B-0E56-4256-AF52-45AACAF50C94}.Release|Any CPU.Build.0 = Release|Any CPU
	EndGlobalSection
	GlobalSection(SolutionProperties) = preSolution
		HideSolutionNode = FALSE
	EndGlobalSection
	GlobalSection(ExtensibilityGlobals) = postSolution
		SolutionGuid = {833FD6BA-5C6F-432E-B09B-C2930B828897}
	EndGlobalSection
EndGlobal
